
Microsoft Visual Studio Solution File, Format Version 12.00
# Visual Studio Version 17
VisualStudioVersion = 17.4.33205.214
MinimumVisualStudioVersion = 10.0.40219.1
Project("{FAE04EC0-301F-11D3-BF4B-00C04F79EFBC}") = "wpf_tilemap_generator", "wpf_tilemap_generator\wpf_tilemap_generator.csproj", "{98D91586-66F7-4545-99F9-9017FD19E3AA}"
EndProject
Global
	GlobalSection(SolutionConfigurationPlatforms) = preSolution
		Debug|Any CPU = Debug|Any CPU
		Release|Any CPU = Release|Any CPU
	EndGlobalSection
	GlobalSection(ProjectConfigurationPlatforms) = postSolution
		{98D91586-66F7-4545-99F9-9017FD19E3AA}.Debug|Any CPU.ActiveCfg = Debug|Any CPU
		{98D91586-66F7-4545-99F9-9017FD19E3AA}.Debug|Any CPU.Build.0 = Debug|Any CPU
		{98D91586-66F7-4545-99F9-9017FD19E3AA}.Release|Any CPU.ActiveCfg = Release|Any CPU
		{98D91586-66F7-4545-99F9-9017FD19E3AA}.Release|Any CPU.Build.0 = Release|Any CPU
	EndGlobalSection
	GlobalSection(SolutionProperties) = preSolution
		HideSolutionNode = FALSE
	EndGlobalSection
	GlobalSection(ExtensibilityGlobals) = postSolution
		SolutionGuid = {4D0D931C-CA0C-42E2-A718-9C26F5A14AEE}
	EndGlobalSection
EndGlobal
